
Microsoft Visual Studio Solution File, Format Version 12.00
# Visual Studio Version 16
VisualStudioVersion = 16.0.30320.27
MinimumVisualStudioVersion = 10.0.40219.1
Project("{FAE04EC0-301F-11D3-BF4B-00C04F79EFBC}") = "ZadanieWPF1", "ZadanieWPF1.csproj", "{E40B6DE0-8325-49D8-966C-2CF1BCBD71BE}"
EndProject
Global
	GlobalSection(SolutionConfigurationPlatforms) = preSolution
		Debug|Any CPU = Debug|Any CPU
		Release|Any CPU = Release|Any CPU
	EndGlobalSection
	GlobalSection(ProjectConfigurationPlatforms) = postSolution
		{E40B6DE0-8325-49D8-966C-2CF1BCBD71BE}.Debug|Any CPU.ActiveCfg = Debug|Any CPU
		{E40B6DE0-8325-49D8-966C-2CF1BCBD71BE}.Debug|Any CPU.Build.0 = Debug|Any CPU
		{E40B6DE0-8325-49D8-966C-2CF1BCBD71BE}.Release|Any CPU.ActiveCfg = Release|Any CPU
		{E40B6DE0-8325-49D8-966C-2CF1BCBD71BE}.Release|Any CPU.Build.0 = Release|Any CPU
	EndGlobalSection
	GlobalSection(SolutionProperties) = preSolution
		HideSolutionNode = FALSE
	EndGlobalSection
	GlobalSection(ExtensibilityGlobals) = postSolution
		SolutionGuid = {CBCB3EC6-4B7A-45A9-BB43-929FB619ED6D}
	EndGlobalSection
EndGlobal
